PODS:
  - audioplayers_darwin (0.0.1):
    - Flutter
  - DKImagePickerController/Core (4.3.9):
    - DKImagePickerController/ImageDataManager
    - DKImagePickerController/Resource
  - DKImagePickerController/ImageDataManager (4.3.9)
  - DKImagePickerController/PhotoGallery (4.3.9):
    - DKImagePickerController/Core
    - DKPhotoGallery
  - DKImagePickerController/Resource (4.3.9)
  - DKPhotoGallery (0.0.19):
    - DKPhotoGallery/Core (= 0.0.19)
    - DKPhotoGallery/Model (= 0.0.19)
    - DKPhotoGallery/Preview (= 0.0.19)
    - DKPhotoGallery/Resource (= 0.0.19)
    - SDWebImage
    - SwiftyGif
  - DKPhotoGallery/Core (0.0.19):
    - DKPhotoGallery/Model
    - DKPhotoGallery/Preview
    - SDWebImage
    - SwiftyGif
  - DKPhotoGallery/Model (0.0.19):
    - SDWebImage
    - SwiftyGif
  - DKPhotoGallery/Preview (0.0.19):
    - DKPhotoGallery/Model
    - DKPhotoGallery/Resource
    - SDWebImage
    - SwiftyGif
  - DKPhotoGallery/Resource (0.0.19):
    - SDWebImage
    - SwiftyGif
  - file_picker (0.0.1):
    - DKImagePickerController/PhotoGallery
    - Flutter
  - Flutter (1.0.0)
  - flutter_keyboard_visibility (0.0.1):
    - Flutter
  - fluttertoast (0.0.2):
    - Flutter
    - Toast
  - path_provider_foundation (0.0.1):
    - Flutter
    - FlutterMacOS
  - SDWebImage (5.19.7):
    - SDWebImage/Core (= 5.19.7)
  - SDWebImage/Core (5.19.7)
  - shared_preferences_foundation (0.0.1):
    - Flutter
    - FlutterMacOS
  - speech_to_text (0.0.1):
    - Flutter
    - FlutterMacOS
    - Try
  - SwiftyGif (5.4.5)
  - Toast (4.1.1)
  - Try (2.1.1)

DEPENDENCIES:
  - audioplayers_darwin (from `.symlinks/plugins/audioplayers_darwin/ios`)
  - file_picker (from `.symlinks/plugins/file_picker/ios`)
  - Flutter (from `Flutter`)
  - flutter_keyboard_visibility (from `.symlinks/plugins/flutter_keyboard_visibility/ios`)
  - fluttertoast (from `.symlinks/plugins/fluttertoast/ios`)
  - path_provider_foundation (from `.symlinks/plugins/path_provider_foundation/darwin`)
  - shared_preferences_foundation (from `.symlinks/plugins/shared_preferences_foundation/darwin`)
  - speech_to_text (from `.symlinks/plugins/speech_to_text/darwin`)

SPEC REPOS:
  trunk:
    - DKImagePickerController
    - DKPhotoGallery
    - SDWebImage
    - SwiftyGif
    - Toast
    - Try

EXTERNAL SOURCES:
  audioplayers_darwin:
    :path: ".symlinks/plugins/audioplayers_darwin/ios"
  file_picker:
    :path: ".symlinks/plugins/file_picker/ios"
  Flutter:
    :path: Flutter
  flutter_keyboard_visibility:
    :path: ".symlinks/plugins/flutter_keyboard_visibility/ios"
  fluttertoast:
    :path: ".symlinks/plugins/fluttertoast/ios"
  path_provider_foundation:
    :path: ".symlinks/plugins/path_provider_foundation/darwin"
  shared_preferences_foundation:
    :path: ".symlinks/plugins/shared_preferences_foundation/darwin"
  speech_to_text:
    :path: ".symlinks/plugins/speech_to_text/darwin"

SPEC CHECKSUMS:
  audioplayers_darwin: ccf9c770ee768abb07e26d90af093f7bab1c12ab
  Flutter: e0871f40cf51350855a761d2e70bf5af5b9b5de7
  flutter_keyboard_visibility: 0339d06371254c3eb25eeb90ba8d17dca8f9c069
  fluttertoast: e9a18c7be5413da53898f660530c56f35edfba9c
  path_provider_foundation: 2b6b4c569c0fb62ec74538f866245ac84301af46
  shared_preferences_foundation: fcdcbc04712aee1108ac7fda236f363274528f78
  speech_to_text: 627d3fd2194770b51abb324ba45c2d39398f24a8
  Toast: 1f5ea13423a1e6674c4abdac5be53587ae481c4e
  Try: 5ef669ae832617b3cee58cb2c6f99fb767a4ff96

PODFILE CHECKSUM: 819463e6a0290f5a72f145ba7cde16e8b6ef0796

COCOAPODS: 1.16.2
